
Microsoft Visual Studio Solution File, Format Version 12.00
# Visual Studio Version 17
VisualStudioVersion = 17.11.35208.52
MinimumVisualStudioVersion = 10.0.40219.1
Project("{FAE04EC0-301F-11D3-BF4B-00C04F79EFBC}") = "AFF_BE.Api", "AFF_BE.Api\AFF_BE.Api.csproj", "{67F00A3F-04B7-4A4E-8C1B-ABF2AA7833E6}"
EndProject
Project("{FAE04EC0-301F-11D3-BF4B-00C04F79EFBC}") = "AFF_BE.Core", "AFF_BE.Core\AFF_BE.Core.csproj", "{CBB800AD-6311-461F-AF10-9395B7665D1B}"
EndProject
Project("{FAE04EC0-301F-11D3-BF4B-00C04F79EFBC}") = "AFF_BE.Data", "AFF_BE.Data\AFF_BE.Data.csproj", "{DE65C97E-8320-47C8-A912-CF08D4FDA8D0}"
EndProject
Global
	GlobalSection(SolutionConfigurationPlatforms) = preSolution
		Debug|Any CPU = Debug|Any CPU
		Release|Any CPU = Release|Any CPU
	EndGlobalSection
	GlobalSection(ProjectConfigurationPlatforms) = postSolution
		{67F00A3F-04B7-4A4E-8C1B-ABF2AA7833E6}.Debug|Any CPU.ActiveCfg = Debug|Any CPU
		{67F00A3F-04B7-4A4E-8C1B-ABF2AA7833E6}.Debug|Any CPU.Build.0 = Debug|Any CPU
		{67F00A3F-04B7-4A4E-8C1B-ABF2AA7833E6}.Release|Any CPU.ActiveCfg = Release|Any CPU
		{67F00A3F-04B7-4A4E-8C1B-ABF2AA7833E6}.Release|Any CPU.Build.0 = Release|Any CPU
		{CBB800AD-6311-461F-AF10-9395B7665D1B}.Debug|Any CPU.ActiveCfg = Debug|Any CPU
		{CBB800AD-6311-461F-AF10-9395B7665D1B}.Debug|Any CPU.Build.0 = Debug|Any CPU
		{CBB800AD-6311-461F-AF10-9395B7665D1B}.Release|Any CPU.ActiveCfg = Release|Any CPU
		{CBB800AD-6311-461F-AF10-9395B7665D1B}.Release|Any CPU.Build.0 = Release|Any CPU
		{DE65C97E-8320-47C8-A912-CF08D4FDA8D0}.Debug|Any CPU.ActiveCfg = Debug|Any CPU
		{DE65C97E-8320-47C8-A912-CF08D4FDA8D0}.Debug|Any CPU.Build.0 = Debug|Any CPU
		{DE65C97E-8320-47C8-A912-CF08D4FDA8D0}.Release|Any CPU.ActiveCfg = Release|Any CPU
		{DE65C97E-8320-47C8-A912-CF08D4FDA8D0}.Release|Any CPU.Build.0 = Release|Any CPU
	EndGlobalSection
	GlobalSection(SolutionProperties) = preSolution
		HideSolutionNode = FALSE
	EndGlobalSection
	GlobalSection(ExtensibilityGlobals) = postSolution
		SolutionGuid = {024DE5B0-8046-4A74-99B7-D83687989939}
	EndGlobalSection
EndGlobal
